// !$*UTF8*$!
{
	archiveVersion = 1;
	classes = {
	};
	objectVersion = 46;
	objects = {

/* Begin PBXBuildFile section */
		873BC290192F40700021F024 /* Foundation.framework in Frameworks */ = {isa = PBXBuildFile; fileRef = 873BC28F192F40700021F024 /* Foundation.framework */; };
		873BC292192F40700021F024 /* CoreGraphics.framework in Frameworks */ = {isa = PBXBuildFile; fileRef = 873BC291192F40700021F024 /* CoreGraphics.framework */; };
		873BC294192F40700021F024 /* UIKit.framework in Frameworks */ = {isa = PBXBuildFile; fileRef = 873BC293192F40700021F024 /* UIKit.framework */; };
		873BC2B2192F40700021F024 /* XCTest.framework in Frameworks */ = {isa = PBXBuildFile; fileRef = 873BC2B1192F40700021F024 /* XCTest.framework */; };
		873BC2B3192F40700021F024 /* Foundation.framework in Frameworks */ = {isa = PBXBuildFile; fileRef = 873BC28F192F40700021F024 /* Foundation.framework */; };
		873BC2B4192F40700021F024 /* UIKit.framework in Frameworks */ = {isa = PBXBuildFile; fileRef = 873BC293192F40700021F024 /* UIKit.framework */; };
		873F1961192F554100386CC1 /* InfoPlist.strings in Resources */ = {isa = PBXBuildFile; fileRef = 873F1951192F554100386CC1 /* InfoPlist.strings */; };
		873F1962192F554100386CC1 /* Images.xcassets in Resources */ = {isa = PBXBuildFile; fileRef = 873F1953192F554100386CC1 /* Images.xcassets */; };
		873F1964192F554100386CC1 /* LibSoundCloud-Info.plist in Resources */ = {isa = PBXBuildFile; fileRef = 873F1956192F554100386CC1 /* LibSoundCloud-Info.plist */; };
		873F1965192F554100386CC1 /* main.m in Sources */ = {isa = PBXBuildFile; fileRef = 873F1958192F554100386CC1 /* main.m */; };
		873F1966192F554100386CC1 /* MainViewController.m in Sources */ = {isa = PBXBuildFile; fileRef = 873F195A192F554100386CC1 /* MainViewController.m */; };
		873F1967192F554100386CC1 /* MainViewController.xib in Resources */ = {isa = PBXBuildFile; fileRef = 873F195B192F554100386CC1 /* MainViewController.xib */; };
		873F1968192F554100386CC1 /* SoundCloud.m in Sources */ = {isa = PBXBuildFile; fileRef = 873F195E192F554100386CC1 /* SoundCloud.m */; };
		873F1969192F554100386CC1 /* ViewAppDelegate.m in Sources */ = {isa = PBXBuildFile; fileRef = 873F1960192F554100386CC1 /* ViewAppDelegate.m */; };
		873F196E192F55E800386CC1 /* main.m in Sources */ = {isa = PBXBuildFile; fileRef = 873F1958192F554100386CC1 /* main.m */; };
		873F1970192F55E800386CC1 /* MainViewController.m in Sources */ = {isa = PBXBuildFile; fileRef = 873F195A192F554100386CC1 /* MainViewController.m */; };
		873F1974192F55E800386CC1 /* SoundCloud.m in Sources */ = {isa = PBXBuildFile; fileRef = 873F195E192F554100386CC1 /* SoundCloud.m */; };
		873F1975192F55E800386CC1 /* ViewAppDelegate.h in Sources */ = {isa = PBXBuildFile; fileRef = 873F195F192F554100386CC1 /* ViewAppDelegate.h */; };
		873F1976192F55E800386CC1 /* ViewAppDelegate.m in Sources */ = {isa = PBXBuildFile; fileRef = 873F1960192F554100386CC1 /* ViewAppDelegate.m */; };
		873F1977192F561500386CC1 /* LibSoundCloud-Info.plist in Resources */ = {isa = PBXBuildFile; fileRef = 873F1956192F554100386CC1 /* LibSoundCloud-Info.plist */; };
		873F1978192F561500386CC1 /* LibSoundCloud-Prefix.pch in Resources */ = {isa = PBXBuildFile; fileRef = 873F1957192F554100386CC1 /* LibSoundCloud-Prefix.pch */; };
		873F1979192F561500386CC1 /* MainViewController.xib in Resources */ = {isa = PBXBuildFile; fileRef = 873F195B192F554100386CC1 /* MainViewController.xib */; };
		873F197A192F565F00386CC1 /* JSONKit.m in Sources */ = {isa = PBXBuildFile; fileRef = 873F1955192F554100386CC1 /* JSONKit.m */; settings = {COMPILER_FLAGS = "-fno-objc-arc"; }; };
		873F197B192F571D00386CC1 /* JSONKit.m in Sources */ = {isa = PBXBuildFile; fileRef = 873F1955192F554100386CC1 /* JSONKit.m */; settings = {COMPILER_FLAGS = "-fno-objc-arc"; }; };
/* End PBXBuildFile section */

/* Begin PBXContainerItemProxy section */
		873BC2B5192F40700021F024 /* PBXContainerItemProxy */ = {
			isa = PBXContainerItemProxy;
			containerPortal = 873BC284192F40700021F024 /* Project object */;
			proxyType = 1;
			remoteGlobalIDString = 873BC28B192F40700021F024;
			remoteInfo = EmptyProject;
		};
/* End PBXContainerItemProxy section */

/* Begin PBXFileReference section */
		873BC28C192F40700021F024 /* LibSoundCloud.app */ = {isa = PBXFileReference; explicitFileType = wrapper.application; includeInIndex = 0; path = LibSoundCloud.app; sourceTree = BUILT_PRODUCTS_DIR; };
		873BC28F192F40700021F024 /* Foundation.framework */ = {isa = PBXFileReference; lastKnownFileType = wrapper.framework; name = Foundation.framework; path = System/Library/Frameworks/Foundation.framework; sourceTree = SDKROOT; };
		873BC291192F40700021F024 /* CoreGraphics.framework */ = {isa = PBXFileReference; lastKnownFileType = wrapper.framework; name = CoreGraphics.framework; path = System/Library/Frameworks/CoreGraphics.framework; sourceTree = SDKROOT; };
		873BC293192F40700021F024 /* UIKit.framework */ = {isa = PBXFileReference; lastKnownFileType = wrapper.framework; name = UIKit.framework; path = System/Library/Frameworks/UIKit.framework; sourceTree = SDKROOT; };
		873BC2B0192F40700021F024 /* LibSoundCloudTests.xctest */ = {isa = PBXFileReference; explicitFileType = wrapper.cfbundle; includeInIndex = 0; path = LibSoundCloudTests.xctest; sourceTree = BUILT_PRODUCTS_DIR; };
		873BC2B1192F40700021F024 /* XCTest.framework */ = {isa = PBXFileReference; lastKnownFileType = wrapper.framework; name = XCTest.framework; path = Library/Frameworks/XCTest.framework; sourceTree = DEVELOPER_DIR; };
		873F1952192F554100386CC1 /* en */ = {isa = PBXFileReference; lastKnownFileType = text.plist.strings; name = en; path = InfoPlist.strings; sourceTree = "<group>"; };
		873F1953192F554100386CC1 /* Images.xcassets */ = {isa = PBXFileReference; lastKnownFileType = folder.assetcatalog; name = Images.xcassets; path = LibSoundCloud/Images.xcassets; sourceTree = SOURCE_ROOT; };
		873F1954192F554100386CC1 /* JSONKit.h */ = {isa = PBXFileReference; fileEncoding = 4; lastKnownFileType = sourcecode.c.h; name = JSONKit.h; path = LibSoundCloud/JSONKit.h; sourceTree = SOURCE_ROOT; };
		873F1955192F554100386CC1 /* JSONKit.m */ = {isa = PBXFileReference; fileEncoding = 4; lastKnownFileType = sourcecode.c.objc; name = JSONKit.m; path = LibSoundCloud/JSONKit.m; sourceTree = SOURCE_ROOT; };
		873F1956192F554100386CC1 /* LibSoundCloud-Info.plist */ = {isa = PBXFileReference; fileEncoding = 4; lastKnownFileType = text.plist.xml; name = "LibSoundCloud-Info.plist"; path = "LibSoundCloud/LibSoundCloud-Info.plist"; sourceTree = SOURCE_ROOT; };
		873F1957192F554100386CC1 /* LibSoundCloud-Prefix.pch */ = {isa = PBXFileReference; fileEncoding = 4; lastKnownFileType = sourcecode.c.h; name = "LibSoundCloud-Prefix.pch"; path = "LibSoundCloud/LibSoundCloud-Prefix.pch"; sourceTree = SOURCE_ROOT; };
		873F1958192F554100386CC1 /* main.m */ = {isa = PBXFileReference; fileEncoding = 4; lastKnownFileType = sourcecode.c.objc; name = main.m; path = LibSoundCloud/main.m; sourceTree = SOURCE_ROOT; };
		873F1959192F554100386CC1 /* MainViewController.h */ = {isa = PBXFileReference; fileEncoding = 4; lastKnownFileType = sourcecode.c.h; name = MainViewController.h; path = LibSoundCloud/MainViewController.h; sourceTree = SOURCE_ROOT; };
		873F195A192F554100386CC1 /* MainViewController.m */ = {isa = PBXFileReference; fileEncoding = 4; lastKnownFileType = sourcecode.c.objc; name = MainViewController.m; path = LibSoundCloud/MainViewController.m; sourceTree = SOURCE_ROOT; };
		873F195B192F554100386CC1 /* MainViewController.xib */ = {isa = PBXFileReference; fileEncoding = 4; lastKnownFileType = file.xib; name = MainViewController.xib; path = LibSoundCloud/MainViewController.xib; sourceTree = SOURCE_ROOT; };
		873F195C192F554100386CC1 /* SCLoginViewController.h */ = {isa = PBXFileReference; fileEncoding = 4; lastKnownFileType = sourcecode.c.h; name = SCLoginViewController.h; path = LibSoundCloud/SCLoginViewController.h; sourceTree = SOURCE_ROOT; };
		873F195D192F554100386CC1 /* SoundCloud.h */ = {isa = PBXFileReference; fileEncoding = 4; lastKnownFileType = sourcecode.c.h; name = SoundCloud.h; path = LibSoundCloud/SoundCloud.h; sourceTree = SOURCE_ROOT; };
		873F195E192F554100386CC1 /* SoundCloud.m */ = {isa = PBXFileReference; fileEncoding = 4; lastKnownFileType = sourcecode.c.objc; name = SoundCloud.m; path = LibSoundCloud/SoundCloud.m; sourceTree = SOURCE_ROOT; };
		873F195F192F554100386CC1 /* ViewAppDelegate.h */ = {isa = PBXFileReference; fileEncoding = 4; lastKnownFileType = sourcecode.c.h; name = ViewAppDelegate.h; path = LibSoundCloud/ViewAppDelegate.h; sourceTree = SOURCE_ROOT; };
		873F1960192F554100386CC1 /* ViewAppDelegate.m */ = {isa = PBXFileReference; fileEncoding = 4; lastKnownFileType = sourcecode.c.objc; name = ViewAppDelegate.m; path = LibSoundCloud/ViewAppDelegate.m; sourceTree = SOURCE_ROOT; };
/* End PBXFileReference section */

/* Begin PBXFrameworksBuildPhase section */
		873BC289192F40700021F024 /* Frameworks */ = {
			isa = PBXFrameworksBuildPhase;
			buildActionMask = 2147483647;
			files = (
				873BC292192F40700021F024 /* CoreGraphics.framework in Frameworks */,
				873BC294192F40700021F024 /* UIKit.framework in Frameworks */,
				873BC290192F40700021F024 /* Foundation.framework in Frameworks */,
			);
			runOnlyForDeploymentPostprocessing = 0;
		};
		873BC2AD192F40700021F024 /* Frameworks */ = {
			isa = PBXFrameworksBuildPhase;
			buildActionMask = 2147483647;
			files = (
				873BC2B2192F40700021F024 /* XCTest.framework in Frameworks */,
				873BC2B4192F40700021F024 /* UIKit.framework in Frameworks */,
				873BC2B3192F40700021F024 /* Foundation.framework in Frameworks */,
			);
			runOnlyForDeploymentPostprocessing = 0;
		};
/* End PBXFrameworksBuildPhase section */

/* Begin PBXGroup section */
		873BC283192F40700021F024 = {
			isa = PBXGroup;
			children = (
				873BC295192F40700021F024 /* LibSoundCloud */,
				873BC28E192F40700021F024 /* Frameworks */,
				873BC28D192F40700021F024 /* Products */,
			);
			sourceTree = "<group>";
		};
		873BC28D192F40700021F024 /* Products */ = {
			isa = PBXGroup;
			children = (
				873BC28C192F40700021F024 /* LibSoundCloud.app */,
				873BC2B0192F40700021F024 /* LibSoundCloudTests.xctest */,
			);
			name = Products;
			sourceTree = "<group>";
		};
		873BC28E192F40700021F024 /* Frameworks */ = {
			isa = PBXGroup;
			children = (
				873BC28F192F40700021F024 /* Foundation.framework */,
				873BC291192F40700021F024 /* CoreGraphics.framework */,
				873BC293192F40700021F024 /* UIKit.framework */,
				873BC2B1192F40700021F024 /* XCTest.framework */,
			);
			name = Frameworks;
			sourceTree = "<group>";
		};
		873BC295192F40700021F024 /* LibSoundCloud */ = {
			isa = PBXGroup;
			children = (
				873F194F192F554100386CC1 /* Base.lproj */,
				873F1950192F554100386CC1 /* en.lproj */,
				873F1953192F554100386CC1 /* Images.xcassets */,
				873F1954192F554100386CC1 /* JSONKit.h */,
				873F1955192F554100386CC1 /* JSONKit.m */,
				873F1956192F554100386CC1 /* LibSoundCloud-Info.plist */,
				873F1957192F554100386CC1 /* LibSoundCloud-Prefix.pch */,
				873F1958192F554100386CC1 /* main.m */,
				873F1959192F554100386CC1 /* MainViewController.h */,
				873F195A192F554100386CC1 /* MainViewController.m */,
				873F195B192F554100386CC1 /* MainViewController.xib */,
				873F195C192F554100386CC1 /* SCLoginViewController.h */,
				873F195D192F554100386CC1 /* SoundCloud.h */,
				873F195E192F554100386CC1 /* SoundCloud.m */,
				873F195F192F554100386CC1 /* ViewAppDelegate.h */,
				873F1960192F554100386CC1 /* ViewAppDelegate.m */,
			);
			name = LibSoundCloud;
			path = EmptyProject;
			sourceTree = "<group>";
		};
		873F194F192F554100386CC1 /* Base.lproj */ = {
			isa = PBXGroup;
			children = (
			);
			name = Base.lproj;
			path = LibSoundCloud/Base.lproj;
			sourceTree = SOURCE_ROOT;
		};
		873F1950192F554100386CC1 /* en.lproj */ = {
			isa = PBXGroup;
			children = (
				873F1951192F554100386CC1 /* InfoPlist.strings */,
			);
			name = en.lproj;
			path = LibSoundCloud/en.lproj;
			sourceTree = SOURCE_ROOT;
		};
/* End PBXGroup section */

/* Begin PBXNativeTarget section */
		873BC28B192F40700021F024 /* LibSoundCloud */ = {
			isa = PBXNativeTarget;
			buildConfigurationList = 873BC2C1192F40700021F024 /* Build configuration list for PBXNativeTarget "LibSoundCloud" */;
			buildPhases = (
				873BC288192F40700021F024 /* Sources */,
				873BC289192F40700021F024 /* Frameworks */,
				873BC28A192F40700021F024 /* Resources */,
			);
			buildRules = (
			);
			dependencies = (
			);
			name = LibSoundCloud;
			productName = EmptyProject;
			productReference = 873BC28C192F40700021F024 /* LibSoundCloud.app */;
			productType = "com.apple.product-type.application";
		};
		873BC2AF192F40700021F024 /* LibSoundCloudTests */ = {
			isa = PBXNativeTarget;
			buildConfigurationList = 873BC2C4192F40700021F024 /* Build configuration list for PBXNativeTarget "LibSoundCloudTests" */;
			buildPhases = (
				873BC2AC192F40700021F024 /* Sources */,
				873BC2AD192F40700021F024 /* Frameworks */,
				873BC2AE192F40700021F024 /* Resources */,
			);
			buildRules = (
			);
			dependencies = (
				873BC2B6192F40700021F024 /* PBXTargetDependency */,
			);
			name = LibSoundCloudTests;
			productName = EmptyProjectTests;
			productReference = 873BC2B0192F40700021F024 /* LibSoundCloudTests.xctest */;
			productType = "com.apple.product-type.bundle.unit-test";
		};
/* End PBXNativeTarget section */

/* Begin PBXProject section */
		873BC284192F40700021F024 /* Project object */ = {
			isa = PBXProject;
			attributes = {
				CLASSPREFIX = View;
				LastUpgradeCheck = 0510;
				ORGANIZATIONNAME = Stofkat;
				TargetAttributes = {
					873BC2AF192F40700021F024 = {
						TestTargetID = 873BC28B192F40700021F024;
					};
				};
			};
			buildConfigurationList = 873BC287192F40700021F024 /* Build configuration list for PBXProject "LibSoundCloud" */;
			compatibilityVersion = "Xcode 3.2";
			developmentRegion = English;
			hasScannedForEncodings = 0;
			knownRegions = (
				en,
				Base,
			);
			mainGroup = 873BC283192F40700021F024;
			productRefGroup = 873BC28D192F40700021F024 /* Products */;
			projectDirPath = "";
			projectRoot = "";
			targets = (
				873BC28B192F40700021F024 /* LibSoundCloud */,
				873BC2AF192F40700021F024 /* LibSoundCloudTests */,
			);
		};
/* End PBXProject section */

/* Begin PBXResourcesBuildPhase section */
		873BC28A192F40700021F024 /* Resources */ = {
			isa = PBXResourcesBuildPhase;
			buildActionMask = 2147483647;
			files = (
				873F1964192F554100386CC1 /* LibSoundCloud-Info.plist in Resources */,
				873F1962192F554100386CC1 /* Images.xcassets in Resources */,
				873F1961192F554100386CC1 /* InfoPlist.strings in Resources */,
				873F1967192F554100386CC1 /* MainViewController.xib in Resources */,
			);
			runOnlyForDeploymentPostprocessing = 0;
		};
		873BC2AE192F40700021F024 /* Resources */ = {
			isa = PBXResourcesBuildPhase;
			buildActionMask = 2147483647;
			files = (
				873F1977192F561500386CC1 /* LibSoundCloud-Info.plist in Resources */,
				873F1978192F561500386CC1 /* LibSoundCloud-Prefix.pch in Resources */,
				873F1979192F561500386CC1 /* MainViewController.xib in Resources */,
			);
			runOnlyForDeploymentPostprocessing = 0;
		};
/* End PBXResourcesBuildPhase section */

/* Begin PBXSourcesBuildPhase section */
		873BC288192F40700021F024 /* Sources */ = {
			isa = PBXSourcesBuildPhase;
			buildActionMask = 2147483647;
			files = (
				873F197B192F571D00386CC1 /* JSONKit.m in Sources */,
				873F1966192F554100386CC1 /* MainViewController.m in Sources */,
				873F1969192F554100386CC1 /* ViewAppDelegate.m in Sources */,
				873F1968192F554100386CC1 /* SoundCloud.m in Sources */,
				873F1965192F554100386CC1 /* main.m in Sources */,
			);
			runOnlyForDeploymentPostprocessing = 0;
		};
		873BC2AC192F40700021F024 /* Sources */ = {
			isa = PBXSourcesBuildPhase;
			buildActionMask = 2147483647;
			files = (
				873F197A192F565F00386CC1 /* JSONKit.m in Sources */,
				873F196E192F55E800386CC1 /* main.m in Sources */,
				873F1970192F55E800386CC1 /* MainViewController.m in Sources */,
				873F1974192F55E800386CC1 /* SoundCloud.m in Sources */,
				873F1975192F55E800386CC1 /* ViewAppDelegate.h in Sources */,
				873F1976192F55E800386CC1 /* ViewAppDelegate.m in Sources */,
			);
			runOnlyForDeploymentPostprocessing = 0;
		};
/* End PBXSourcesBuildPhase section */

/* Begin PBXTargetDependency section */
		873BC2B6192F40700021F024 /* PBXTargetDependency */ = {
			isa = PBXTargetDependency;
			target = 873BC28B192F40700021F024 /* LibSoundCloud */;
			targetProxy = 873BC2B5192F40700021F024 /* PBXContainerItemProxy */;
		};
/* End PBXTargetDependency section */

/* Begin PBXVariantGroup section */
		873F1951192F554100386CC1 /* InfoPlist.strings */ = {
			isa = PBXVariantGroup;
			children = (
				873F1952192F554100386CC1 /* en */,
			);
			name = InfoPlist.strings;
			sourceTree = "<group>";
		};
/* End PBXVariantGroup section */

/* Begin XCBuildConfiguration section */
		873BC2BF192F40700021F024 /* Debug */ = {
			isa = XCBuildConfiguration;
			buildSettings = {
				ALWAYS_SEARCH_USER_PATHS = NO;
				CLANG_CXX_LANGUAGE_STANDARD = "gnu++0x";
				CLANG_CXX_LIBRARY = "libc++";
				CLANG_ENABLE_MODULES = YES;
				CLANG_ENABLE_OBJC_ARC = YES;
				CLANG_WARN_BOOL_CONVERSION = YES;
				CLANG_WARN_CONSTANT_CONVERSION = YES;
				CLANG_WARN_DIRECT_OBJC_ISA_USAGE = YES_ERROR;
				CLANG_WARN_EMPTY_BODY = YES;
				CLANG_WARN_ENUM_CONVERSION = YES;
				CLANG_WARN_INT_CONVERSION = YES;
				CLANG_WARN_OBJC_ROOT_CLASS = YES_ERROR;
				CLANG_WARN__DUPLICATE_METHOD_MATCH = YES;
				"CODE_SIGN_IDENTITY[sdk=iphoneos*]" = "iPhone Developer";
				COPY_PHASE_STRIP = NO;
				GCC_C_LANGUAGE_STANDARD = gnu99;
				GCC_DYNAMIC_NO_PIC = NO;
				GCC_OPTIMIZATION_LEVEL = 0;
				GCC_PREPROCESSOR_DEFINITIONS = (
					"DEBUG=1",
					"$(inherited)",
				);
				GCC_SYMBOLS_PRIVATE_EXTERN = NO;
				GCC_WARN_64_TO_32_BIT_CONVERSION = YES;
				GCC_WARN_ABOUT_RETURN_TYPE = YES_ERROR;
				GCC_WARN_UNDECLARED_SELECTOR = YES;
				GCC_WARN_UNINITIALIZED_AUTOS = YES_AGGRESSIVE;
				GCC_WARN_UNUSED_FUNCTION = YES;
				GCC_WARN_UNUSED_VARIABLE = YES;
				IPHONEOS_DEPLOYMENT_TARGET = 7.1;
				ONLY_ACTIVE_ARCH = YES;
				SDKROOT = iphoneos;
				TARGETED_DEVICE_FAMILY = "1,2";
			};
			name = Debug;
		};
		873BC2C0192F40700021F024 /* Release */ = {
			isa = XCBuildConfiguration;
			buildSettings = {
				ALWAYS_SEARCH_USER_PATHS = NO;
				CLANG_CXX_LANGUAGE_STANDARD = "gnu++0x";
				CLANG_CXX_LIBRARY = "libc++";
				CLANG_ENABLE_MODULES = YES;
				CLANG_ENABLE_OBJC_ARC = YES;
				CLANG_WARN_BOOL_CONVERSION = YES;
				CLANG_WARN_CONSTANT_CONVERSION = YES;
				CLANG_WARN_DIRECT_OBJC_ISA_USAGE = YES_ERROR;
				CLANG_WARN_EMPTY_BODY = YES;
				CLANG_WARN_ENUM_CONVERSION = YES;
				CLANG_WARN_INT_CONVERSION = YES;
				CLANG_WARN_OBJC_ROOT_CLASS = YES_ERROR;
				CLANG_WARN__DUPLICATE_METHOD_MATCH = YES;
				"CODE_SIGN_IDENTITY[sdk=iphoneos*]" = "iPhone Developer";
				COPY_PHASE_STRIP = YES;
				ENABLE_NS_ASSERTIONS = NO;
				GCC_C_LANGUAGE_STANDARD = gnu99;
				GCC_WARN_64_TO_32_BIT_CONVERSION = YES;
				GCC_WARN_ABOUT_RETURN_TYPE = YES_ERROR;
				GCC_WARN_UNDECLARED_SELECTOR = YES;
				GCC_WARN_UNINITIALIZED_AUTOS = YES_AGGRESSIVE;
				GCC_WARN_UNUSED_FUNCTION = YES;
				GCC_WARN_UNUSED_VARIABLE = YES;
				IPHONEOS_DEPLOYMENT_TARGET = 7.1;
				SDKROOT = iphoneos;
				TARGETED_DEVICE_FAMILY = "1,2";
				VALIDATE_PRODUCT = YES;
			};
			name = Release;
		};
		873BC2C2192F40700021F024 /* Debug */ = {
			isa = XCBuildConfiguration;
			buildSettings = {
				ASSETCATALOG_COMPILER_APPICON_NAME = AppIcon;
				ASSETCATALOG_COMPILER_LAUNCHIMAGE_NAME = LaunchImage;
				GCC_PRECOMPILE_PREFIX_HEADER = YES;
				GCC_PREFIX_HEADER = "LibSoundCloud/LibSoundCloud-Prefix.pch";
				INFOPLIST_FILE = "$(SRCROOT)/LibSoundCloud/LibSoundCloud-Info.plist";
				IPHONEOS_DEPLOYMENT_TARGET = 6.0;
				PRODUCT_NAME = LibSoundCloud;
				WRAPPER_EXTENSION = app;
			};
			name = Debug;
		};
		873BC2C3192F40700021F024 /* Release */ = {
			isa = XCBuildConfiguration;
			buildSettings = {
				ASSETCATALOG_COMPILER_APPICON_NAME = AppIcon;
				ASSETCATALOG_COMPILER_LAUNCHIMAGE_NAME = LaunchImage;
				GCC_PRECOMPILE_PREFIX_HEADER = YES;
				GCC_PREFIX_HEADER = "LibSoundCloud/LibSoundCloud-Prefix.pch";
				INFOPLIST_FILE = "$(SRCROOT)/LibSoundCloud/LibSoundCloud-Info.plist";
				IPHONEOS_DEPLOYMENT_TARGET = 6.0;
				PRODUCT_NAME = LibSoundCloud;
				WRAPPER_EXTENSION = app;
			};
			name = Release;
		};
		873BC2C5192F40700021F024 /* Debug */ = {
			isa = XCBuildConfiguration;
			buildSettings = {
				BUNDLE_LOADER = "$(BUILT_PRODUCTS_DIR)/LibSoundCloud.app/LibSoundCloud";
				FRAMEWORK_SEARCH_PATHS = (
					"$(SDKROOT)/Developer/Library/Frameworks",
					"$(inherited)",
					"$(DEVELOPER_FRAMEWORKS_DIR)",
				);
				GCC_PRECOMPILE_PREFIX_HEADER = YES;
				GCC_PREFIX_HEADER = "EmptyProject/EmptyProject-Prefix.pch";
				GCC_PREPROCESSOR_DEFINITIONS = (
					"DEBUG=1",
					"$(inherited)",
				);
				INFOPLIST_FILE = "EmptyProjectTests/LibSoundCloudTests-Info.plist";
				PRODUCT_NAME = LibSoundCloudTests;
				TEST_HOST = "$(BUNDLE_LOADER)";
				WRAPPER_EXTENSION = xctest;
			};
			name = Debug;
		};
		873BC2C6192F40700021F024 /* Release */ = {
			isa = XCBuildConfiguration;
			buildSettings = {
				BUNDLE_LOADER = "$(BUILT_PRODUCTS_DIR)/LibSoundCloud.app/LibSoundCloud";
				FRAMEWORK_SEARCH_PATHS = (
					"$(SDKROOT)/Developer/Library/Frameworks",
					"$(inherited)",
					"$(DEVELOPER_FRAMEWORKS_DIR)",
				);
				GCC_PRECOMPILE_PREFIX_HEADER = YES;
				GCC_PREFIX_HEADER = "EmptyProject/EmptyProject-Prefix.pch";
				INFOPLIST_FILE = "EmptyProjectTests/LibSoundCloudTests-Info.plist";
				PRODUCT_NAME = LibSoundCloudTests;
				TEST_HOST = "$(BUNDLE_LOADER)";
				WRAPPER_EXTENSION = xctest;
			};
			name = Release;
		};
/* End XCBuildConfiguration section */

/* Begin XCConfigurationList section */
		873BC287192F40700021F024 /* Build configuration list for PBXProject "LibSoundCloud" */ = {
			isa = XCConfigurationList;
			buildConfigurations = (
				873BC2BF192F40700021F024 /* Debug */,
				873BC2C0192F40700021F024 /* Release */,
			);
			defaultConfigurationIsVisible = 0;
			defaultConfigurationName = Release;
		};
		873BC2C1192F40700021F024 /* Build configuration list for PBXNativeTarget "LibSoundCloud" */ = {
			isa = XCConfigurationList;
			buildConfigurations = (
				873BC2C2192F40700021F024 /* Debug */,
				873BC2C3192F40700021F024 /* Release */,
			);
			defaultConfigurationIsVisible = 0;
			defaultConfigurationName = Release;
		};
		873BC2C4192F40700021F024 /* Build configuration list for PBXNativeTarget "LibSoundCloudTests" */ = {
			isa = XCConfigurationList;
			buildConfigurations = (
				873BC2C5192F40700021F024 /* Debug */,
				873BC2C6192F40700021F024 /* Release */,
			);
			defaultConfigurationIsVisible = 0;
			defaultConfigurationName = Release;
		};
/* End XCConfigurationList section */
	};
	rootObject = 873BC284192F40700021F024 /* Project object */;
}
